
Microsoft Visual Studio Solution File, Format Version 12.00
# Visual Studio 14
VisualStudioVersion = 14.0.25420.1
MinimumVisualStudioVersion = 10.0.40219.1
Project("{FAE04EC0-301F-11D3-BF4B-00C04F79EFBC}") = "MomIsWatching", "MomIsWatching\MomIsWatching\MomIsWatching.csproj", "{500FC4E1-2494-4DDF-8336-375E8B80BC83}"
EndProject
Project("{FAE04EC0-301F-11D3-BF4B-00C04F79EFBC}") = "MomIsWatching.Droid", "MomIsWatching\MomIsWatching.Droid\MomIsWatching.Droid.csproj", "{BBF6BC05-F69B-4D32-B1E4-B4458DA17DA6}"
EndProject
Project("{FAE04EC0-301F-11D3-BF4B-00C04F79EFBC}") = "MomIsWatching.iOS", "MomIsWatching\MomIsWatching.iOS\MomIsWatching.iOS.csproj", "{8FEDE1D4-D918-4A6B-968C-163AC385705F}"
EndProject
Global
	GlobalSection(SolutionConfigurationPlatforms) = preSolution
		Ad-Hoc|Any CPU = Ad-Hoc|Any CPU
		Ad-Hoc|ARM = Ad-Hoc|ARM
		Ad-Hoc|iPhone = Ad-Hoc|iPhone
		Ad-Hoc|iPhoneSimulator = Ad-Hoc|iPhoneSimulator
		Ad-Hoc|x64 = Ad-Hoc|x64
		Ad-Hoc|x86 = Ad-Hoc|x86
		AppStore|Any CPU = AppStore|Any CPU
		AppStore|ARM = AppStore|ARM
		AppStore|iPhone = AppStore|iPhone
		AppStore|iPhoneSimulator = AppStore|iPhoneSimulator
		AppStore|x64 = AppStore|x64
		AppStore|x86 = AppStore|x86
		Debug|Any CPU = Debug|Any CPU
		Debug|ARM = Debug|ARM
		Debug|iPhone = Debug|iPhone
		Debug|iPhoneSimulator = Debug|iPhoneSimulator
		Debug|x64 = Debug|x64
		Debug|x86 = Debug|x86
		Release|Any CPU = Release|Any CPU
		Release|ARM = Release|ARM
		Release|iPhone = Release|iPhone
		Release|iPhoneSimulator = Release|iPhoneSimulator
		Release|x64 = Release|x64
		Release|x86 = Release|x86
	EndGlobalSection
	GlobalSection(ProjectConfigurationPlatforms) = postSolution
		{500FC4E1-2494-4DDF-8336-375E8B80BC83}.Ad-Hoc|Any CPU.ActiveCfg = Release|Any CPU
		{500FC4E1-2494-4DDF-8336-375E8B80BC83}.Ad-Hoc|Any CPU.Build.0 = Release|Any CPU
		{500FC4E1-2494-4DDF-8336-375E8B80BC83}.Ad-Hoc|ARM.ActiveCfg = Release|Any CPU
		{500FC4E1-2494-4DDF-8336-375E8B80BC83}.Ad-Hoc|ARM.Build.0 = Release|Any CPU
		{500FC4E1-2494-4DDF-8336-375E8B80BC83}.Ad-Hoc|iPhone.ActiveCfg = Release|Any CPU
		{500FC4E1-2494-4DDF-8336-375E8B80BC83}.Ad-Hoc|iPhone.Build.0 = Release|Any CPU
		{500FC4E1-2494-4DDF-8336-375E8B80BC83}.Ad-Hoc|iPhoneSimulator.ActiveCfg = Release|Any CPU
		{500FC4E1-2494-4DDF-8336-375E8B80BC83}.Ad-Hoc|iPhoneSimulator.Build.0 = Release|Any CPU
		{500FC4E1-2494-4DDF-8336-375E8B80BC83}.Ad-Hoc|x64.ActiveCfg = Release|Any CPU
		{500FC4E1-2494-4DDF-8336-375E8B80BC83}.Ad-Hoc|x64.Build.0 = Release|Any CPU
		{500FC4E1-2494-4DDF-8336-375E8B80BC83}.Ad-Hoc|x86.ActiveCfg = Release|Any CPU
		{500FC4E1-2494-4DDF-8336-375E8B80BC83}.Ad-Hoc|x86.Build.0 = Release|Any CPU
		{500FC4E1-2494-4DDF-8336-375E8B80BC83}.AppStore|Any CPU.ActiveCfg = Release|Any CPU
		{500FC4E1-2494-4DDF-8336-375E8B80BC83}.AppStore|Any CPU.Build.0 = Release|Any CPU
		{500FC4E1-2494-4DDF-8336-375E8B80BC83}.AppStore|ARM.ActiveCfg = Release|Any CPU
		{500FC4E1-2494-4DDF-8336-375E8B80BC83}.AppStore|ARM.Build.0 = Release|Any CPU
		{500FC4E1-2494-4DDF-8336-375E8B80BC83}.AppStore|iPhone.ActiveCfg = Release|Any CPU
		{500FC4E1-2494-4DDF-8336-375E8B80BC83}.AppStore|iPhone.Build.0 = Release|Any CPU
		{500FC4E1-2494-4DDF-8336-375E8B80BC83}.AppStore|iPhoneSimulator.ActiveCfg = Release|Any CPU
		{500FC4E1-2494-4DDF-8336-375E8B80BC83}.AppStore|iPhoneSimulator.Build.0 = Release|Any CPU
		{500FC4E1-2494-4DDF-8336-375E8B80BC83}.AppStore|x64.ActiveCfg = Release|Any CPU
		{500FC4E1-2494-4DDF-8336-375E8B80BC83}.AppStore|x64.Build.0 = Release|Any CPU
		{500FC4E1-2494-4DDF-8336-375E8B80BC83}.AppStore|x86.ActiveCfg = Release|Any CPU
		{500FC4E1-2494-4DDF-8336-375E8B80BC83}.AppStore|x86.Build.0 = Release|Any CPU
		{500FC4E1-2494-4DDF-8336-375E8B80BC83}.Debug|Any CPU.ActiveCfg = Debug|Any CPU
		{500FC4E1-2494-4DDF-8336-375E8B80BC83}.Debug|Any CPU.Build.0 = Debug|Any CPU
		{500FC4E1-2494-4DDF-8336-375E8B80BC83}.Debug|ARM.ActiveCfg = Debug|Any CPU
		{500FC4E1-2494-4DDF-8336-375E8B80BC83}.Debug|ARM.Build.0 = Debug|Any CPU
		{500FC4E1-2494-4DDF-8336-375E8B80BC83}.Debug|iPhone.ActiveCfg = Debug|Any CPU
		{500FC4E1-2494-4DDF-8336-375E8B80BC83}.Debug|iPhone.Build.0 = Debug|Any CPU
		{500FC4E1-2494-4DDF-8336-375E8B80BC83}.Debug|iPhoneSimulator.ActiveCfg = Debug|Any CPU
		{500FC4E1-2494-4DDF-8336-375E8B80BC83}.Debug|iPhoneSimulator.Build.0 = Debug|Any CPU
		{500FC4E1-2494-4DDF-8336-375E8B80BC83}.Debug|x64.ActiveCfg = Debug|Any CPU
		{500FC4E1-2494-4DDF-8336-375E8B80BC83}.Debug|x64.Build.0 = Debug|Any CPU
		{500FC4E1-2494-4DDF-8336-375E8B80BC83}.Debug|x86.ActiveCfg = Debug|Any CPU
		{500FC4E1-2494-4DDF-8336-375E8B80BC83}.Debug|x86.Build.0 = Debug|Any CPU
		{500FC4E1-2494-4DDF-8336-375E8B80BC83}.Release|Any CPU.ActiveCfg = Release|Any CPU
		{500FC4E1-2494-4DDF-8336-375E8B80BC83}.Release|Any CPU.Build.0 = Release|Any CPU
		{500FC4E1-2494-4DDF-8336-375E8B80BC83}.Release|ARM.ActiveCfg = Release|Any CPU
		{500FC4E1-2494-4DDF-8336-375E8B80BC83}.Release|ARM.Build.0 = Release|Any CPU
		{500FC4E1-2494-4DDF-8336-375E8B80BC83}.Release|iPhone.ActiveCfg = Release|Any CPU
		{500FC4E1-2494-4DDF-8336-375E8B80BC83}.Release|iPhone.Build.0 = Release|Any CPU
		{500FC4E1-2494-4DDF-8336-375E8B80BC83}.Release|iPhoneSimulator.ActiveCfg = Release|Any CPU
		{500FC4E1-2494-4DDF-8336-375E8B80BC83}.Release|iPhoneSimulator.Build.0 = Release|Any CPU
		{500FC4E1-2494-4DDF-8336-375E8B80BC83}.Release|x64.ActiveCfg = Release|Any CPU
		{500FC4E1-2494-4DDF-8336-375E8B80BC83}.Release|x64.Build.0 = Release|Any CPU
		{500FC4E1-2494-4DDF-8336-375E8B80BC83}.Release|x86.ActiveCfg = Release|Any CPU
		{500FC4E1-2494-4DDF-8336-375E8B80BC83}.Release|x86.Build.0 = Release|Any CPU
		{BBF6BC05-F69B-4D32-B1E4-B4458DA17DA6}.Ad-Hoc|Any CPU.ActiveCfg = Release|Any CPU
		{BBF6BC05-F69B-4D32-B1E4-B4458DA17DA6}.Ad-Hoc|Any CPU.Build.0 = Release|Any CPU
		{BBF6BC05-F69B-4D32-B1E4-B4458DA17DA6}.Ad-Hoc|Any CPU.Deploy.0 = Release|Any CPU
		{BBF6BC05-F69B-4D32-B1E4-B4458DA17DA6}.Ad-Hoc|ARM.ActiveCfg = Release|Any CPU
		{BBF6BC05-F69B-4D32-B1E4-B4458DA17DA6}.Ad-Hoc|ARM.Build.0 = Release|Any CPU
		{BBF6BC05-F69B-4D32-B1E4-B4458DA17DA6}.Ad-Hoc|ARM.Deploy.0 = Release|Any CPU
		{BBF6BC05-F69B-4D32-B1E4-B4458DA17DA6}.Ad-Hoc|iPhone.ActiveCfg = Release|Any CPU
		{BBF6BC05-F69B-4D32-B1E4-B4458DA17DA6}.Ad-Hoc|iPhone.Build.0 = Release|Any CPU
		{BBF6BC05-F69B-4D32-B1E4-B4458DA17DA6}.Ad-Hoc|iPhone.Deploy.0 = Release|Any CPU
		{BBF6BC05-F69B-4D32-B1E4-B4458DA17DA6}.Ad-Hoc|iPhoneSimulator.ActiveCfg = Release|Any CPU
		{BBF6BC05-F69B-4D32-B1E4-B4458DA17DA6}.Ad-Hoc|iPhoneSimulator.Build.0 = Release|Any CPU
		{BBF6BC05-F69B-4D32-B1E4-B4458DA17DA6}.Ad-Hoc|iPhoneSimulator.Deploy.0 = Release|Any CPU
		{BBF6BC05-F69B-4D32-B1E4-B4458DA17DA6}.Ad-Hoc|x64.ActiveCfg = Release|Any CPU
		{BBF6BC05-F69B-4D32-B1E4-B4458DA17DA6}.Ad-Hoc|x64.Build.0 = Release|Any CPU
		{BBF6BC05-F69B-4D32-B1E4-B4458DA17DA6}.Ad-Hoc|x64.Deploy.0 = Release|Any CPU
		{BBF6BC05-F69B-4D32-B1E4-B4458DA17DA6}.Ad-Hoc|x86.ActiveCfg = Release|Any CPU
		{BBF6BC05-F69B-4D32-B1E4-B4458DA17DA6}.Ad-Hoc|x86.Build.0 = Release|Any CPU
		{BBF6BC05-F69B-4D32-B1E4-B4458DA17DA6}.Ad-Hoc|x86.Deploy.0 = Release|Any CPU
		{BBF6BC05-F69B-4D32-B1E4-B4458DA17DA6}.AppStore|Any CPU.ActiveCfg = Release|Any CPU
		{BBF6BC05-F69B-4D32-B1E4-B4458DA17DA6}.AppStore|Any CPU.Build.0 = Release|Any CPU
		{BBF6BC05-F69B-4D32-B1E4-B4458DA17DA6}.AppStore|Any CPU.Deploy.0 = Release|Any CPU
		{BBF6BC05-F69B-4D32-B1E4-B4458DA17DA6}.AppStore|ARM.ActiveCfg = Release|Any CPU
		{BBF6BC05-F69B-4D32-B1E4-B4458DA17DA6}.AppStore|ARM.Build.0 = Release|Any CPU
		{BBF6BC05-F69B-4D32-B1E4-B4458DA17DA6}.AppStore|ARM.Deploy.0 = Release|Any CPU
		{BBF6BC05-F69B-4D32-B1E4-B4458DA17DA6}.AppStore|iPhone.ActiveCfg = Release|Any CPU
		{BBF6BC05-F69B-4D32-B1E4-B4458DA17DA6}.AppStore|iPhone.Build.0 = Release|Any CPU
		{BBF6BC05-F69B-4D32-B1E4-B4458DA17DA6}.AppStore|iPhone.Deploy.0 = Release|Any CPU
		{BBF6BC05-F69B-4D32-B1E4-B4458DA17DA6}.AppStore|iPhoneSimulator.ActiveCfg = Release|Any CPU
		{BBF6BC05-F69B-4D32-B1E4-B4458DA17DA6}.AppStore|iPhoneSimulator.Build.0 = Release|Any CPU
		{BBF6BC05-F69B-4D32-B1E4-B4458DA17DA6}.AppStore|iPhoneSimulator.Deploy.0 = Release|Any CPU
		{BBF6BC05-F69B-4D32-B1E4-B4458DA17DA6}.AppStore|x64.ActiveCfg = Release|Any CPU
		{BBF6BC05-F69B-4D32-B1E4-B4458DA17DA6}.AppStore|x64.Build.0 = Release|Any CPU
		{BBF6BC05-F69B-4D32-B1E4-B4458DA17DA6}.AppStore|x64.Deploy.0 = Release|Any CPU
		{BBF6BC05-F69B-4D32-B1E4-B4458DA17DA6}.AppStore|x86.ActiveCfg = Release|Any CPU
		{BBF6BC05-F69B-4D32-B1E4-B4458DA17DA6}.AppStore|x86.Build.0 = Release|Any CPU
		{BBF6BC05-F69B-4D32-B1E4-B4458DA17DA6}.AppStore|x86.Deploy.0 = Release|Any CPU
		{BBF6BC05-F69B-4D32-B1E4-B4458DA17DA6}.Debug|Any CPU.ActiveCfg = Debug|Any CPU
		{BBF6BC05-F69B-4D32-B1E4-B4458DA17DA6}.Debug|Any CPU.Build.0 = Debug|Any CPU
		{BBF6BC05-F69B-4D32-B1E4-B4458DA17DA6}.Debug|Any CPU.Deploy.0 = Debug|Any CPU
		{BBF6BC05-F69B-4D32-B1E4-B4458DA17DA6}.Debug|ARM.ActiveCfg = Debug|Any CPU
		{BBF6BC05-F69B-4D32-B1E4-B4458DA17DA6}.Debug|ARM.Build.0 = Debug|Any CPU
		{BBF6BC05-F69B-4D32-B1E4-B4458DA17DA6}.Debug|ARM.Deploy.0 = Debug|Any CPU
		{BBF6BC05-F69B-4D32-B1E4-B4458DA17DA6}.Debug|iPhone.ActiveCfg = Debug|Any CPU
		{BBF6BC05-F69B-4D32-B1E4-B4458DA17DA6}.Debug|iPhone.Build.0 = Debug|Any CPU
		{BBF6BC05-F69B-4D32-B1E4-B4458DA17DA6}.Debug|iPhone.Deploy.0 = Debug|Any CPU
		{BBF6BC05-F69B-4D32-B1E4-B4458DA17DA6}.Debug|iPhoneSimulator.ActiveCfg = Debug|Any CPU
		{BBF6BC05-F69B-4D32-B1E4-B4458DA17DA6}.Debug|iPhoneSimulator.Build.0 = Debug|Any CPU
		{BBF6BC05-F69B-4D32-B1E4-B4458DA17DA6}.Debug|iPhoneSimulator.Deploy.0 = Debug|Any CPU
		{BBF6BC05-F69B-4D32-B1E4-B4458DA17DA6}.Debug|x64.ActiveCfg = Debug|Any CPU
		{BBF6BC05-F69B-4D32-B1E4-B4458DA17DA6}.Debug|x64.Build.0 = Debug|Any CPU
		{BBF6BC05-F69B-4D32-B1E4-B4458DA17DA6}.Debug|x64.Deploy.0 = Debug|Any CPU
		{BBF6BC05-F69B-4D32-B1E4-B4458DA17DA6}.Debug|x86.ActiveCfg = Debug|Any CPU
		{BBF6BC05-F69B-4D32-B1E4-B4458DA17DA6}.Debug|x86.Build.0 = Debug|Any CPU
		{BBF6BC05-F69B-4D32-B1E4-B4458DA17DA6}.Debug|x86.Deploy.0 = Debug|Any CPU
		{BBF6BC05-F69B-4D32-B1E4-B4458DA17DA6}.Release|Any CPU.ActiveCfg = Release|Any CPU
		{BBF6BC05-F69B-4D32-B1E4-B4458DA17DA6}.Release|Any CPU.Build.0 = Release|Any CPU
		{BBF6BC05-F69B-4D32-B1E4-B4458DA17DA6}.Release|Any CPU.Deploy.0 = Release|Any CPU
		{BBF6BC05-F69B-4D32-B1E4-B4458DA17DA6}.Release|ARM.ActiveCfg = Release|Any CPU
		{BBF6BC05-F69B-4D32-B1E4-B4458DA17DA6}.Release|ARM.Build.0 = Release|Any CPU
		{BBF6BC05-F69B-4D32-B1E4-B4458DA17DA6}.Release|ARM.Deploy.0 = Release|Any CPU
		{BBF6BC05-F69B-4D32-B1E4-B4458DA17DA6}.Release|iPhone.ActiveCfg = Release|Any CPU
		{BBF6BC05-F69B-4D32-B1E4-B4458DA17DA6}.Release|iPhone.Build.0 = Release|Any CPU
		{BBF6BC05-F69B-4D32-B1E4-B4458DA17DA6}.Release|iPhone.Deploy.0 = Release|Any CPU
		{BBF6BC05-F69B-4D32-B1E4-B4458DA17DA6}.Release|iPhoneSimulator.ActiveCfg = Release|Any CPU
		{BBF6BC05-F69B-4D32-B1E4-B4458DA17DA6}.Release|iPhoneSimulator.Build.0 = Release|Any CPU
		{BBF6BC05-F69B-4D32-B1E4-B4458DA17DA6}.Release|iPhoneSimulator.Deploy.0 = Release|Any CPU
		{BBF6BC05-F69B-4D32-B1E4-B4458DA17DA6}.Release|x64.ActiveCfg = Release|Any CPU
		{BBF6BC05-F69B-4D32-B1E4-B4458DA17DA6}.Release|x64.Build.0 = Release|Any CPU
		{BBF6BC05-F69B-4D32-B1E4-B4458DA17DA6}.Release|x64.Deploy.0 = Release|Any CPU
		{BBF6BC05-F69B-4D32-B1E4-B4458DA17DA6}.Release|x86.ActiveCfg = Release|Any CPU
		{BBF6BC05-F69B-4D32-B1E4-B4458DA17DA6}.Release|x86.Build.0 = Release|Any CPU
		{BBF6BC05-F69B-4D32-B1E4-B4458DA17DA6}.Release|x86.Deploy.0 = Release|Any CPU
		{8FEDE1D4-D918-4A6B-968C-163AC385705F}.Ad-Hoc|Any CPU.ActiveCfg = Ad-Hoc|iPhone
		{8FEDE1D4-D918-4A6B-968C-163AC385705F}.Ad-Hoc|ARM.ActiveCfg = Ad-Hoc|iPhone
		{8FEDE1D4-D918-4A6B-968C-163AC385705F}.Ad-Hoc|iPhone.ActiveCfg = Ad-Hoc|iPhone
		{8FEDE1D4-D918-4A6B-968C-163AC385705F}.Ad-Hoc|iPhone.Build.0 = Ad-Hoc|iPhone
		{8FEDE1D4-D918-4A6B-968C-163AC385705F}.Ad-Hoc|iPhoneSimulator.ActiveCfg = Ad-Hoc|iPhoneSimulator
		{8FEDE1D4-D918-4A6B-968C-163AC385705F}.Ad-Hoc|iPhoneSimulator.Build.0 = Ad-Hoc|iPhoneSimulator
		{8FEDE1D4-D918-4A6B-968C-163AC385705F}.Ad-Hoc|x64.ActiveCfg = Ad-Hoc|iPhone
		{8FEDE1D4-D918-4A6B-968C-163AC385705F}.Ad-Hoc|x86.ActiveCfg = Ad-Hoc|iPhone
		{8FEDE1D4-D918-4A6B-968C-163AC385705F}.AppStore|Any CPU.ActiveCfg = AppStore|iPhone
		{8FEDE1D4-D918-4A6B-968C-163AC385705F}.AppStore|ARM.ActiveCfg = AppStore|iPhone
		{8FEDE1D4-D918-4A6B-968C-163AC385705F}.AppStore|iPhone.ActiveCfg = AppStore|iPhone
		{8FEDE1D4-D918-4A6B-968C-163AC385705F}.AppStore|iPhone.Build.0 = AppStore|iPhone
		{8FEDE1D4-D918-4A6B-968C-163AC385705F}.AppStore|iPhoneSimulator.ActiveCfg = AppStore|iPhoneSimulator
		{8FEDE1D4-D918-4A6B-968C-163AC385705F}.AppStore|iPhoneSimulator.Build.0 = AppStore|iPhoneSimulator
		{8FEDE1D4-D918-4A6B-968C-163AC385705F}.AppStore|x64.ActiveCfg = AppStore|iPhone
		{8FEDE1D4-D918-4A6B-968C-163AC385705F}.AppStore|x86.ActiveCfg = AppStore|iPhone
		{8FEDE1D4-D918-4A6B-968C-163AC385705F}.Debug|Any CPU.ActiveCfg = Debug|iPhone
		{8FEDE1D4-D918-4A6B-968C-163AC385705F}.Debug|ARM.ActiveCfg = Debug|iPhone
		{8FEDE1D4-D918-4A6B-968C-163AC385705F}.Debug|iPhone.ActiveCfg = Debug|iPhone
		{8FEDE1D4-D918-4A6B-968C-163AC385705F}.Debug|iPhone.Build.0 = Debug|iPhone
		{8FEDE1D4-D918-4A6B-968C-163AC385705F}.Debug|iPhoneSimulator.ActiveCfg = Debug|iPhoneSimulator
		{8FEDE1D4-D918-4A6B-968C-163AC385705F}.Debug|iPhoneSimulator.Build.0 = Debug|iPhoneSimulator
		{8FEDE1D4-D918-4A6B-968C-163AC385705F}.Debug|x64.ActiveCfg = Debug|iPhone
		{8FEDE1D4-D918-4A6B-968C-163AC385705F}.Debug|x86.ActiveCfg = Debug|iPhone
		{8FEDE1D4-D918-4A6B-968C-163AC385705F}.Release|Any CPU.ActiveCfg = Release|iPhone
		{8FEDE1D4-D918-4A6B-968C-163AC385705F}.Release|ARM.ActiveCfg = Release|iPhone
		{8FEDE1D4-D918-4A6B-968C-163AC385705F}.Release|iPhone.ActiveCfg = Release|iPhone
		{8FEDE1D4-D918-4A6B-968C-163AC385705F}.Release|iPhone.Build.0 = Release|iPhone
		{8FEDE1D4-D918-4A6B-968C-163AC385705F}.Release|iPhoneSimulator.ActiveCfg = Release|iPhoneSimulator
		{8FEDE1D4-D918-4A6B-968C-163AC385705F}.Release|iPhoneSimulator.Build.0 = Release|iPhoneSimulator
		{8FEDE1D4-D918-4A6B-968C-163AC385705F}.Release|x64.ActiveCfg = Release|iPhone
		{8FEDE1D4-D918-4A6B-968C-163AC385705F}.Release|x86.ActiveCfg = Release|iPhone
		{20E4EDCE-030D-436C-BA66-A438D0938873}.Ad-Hoc|Any CPU.ActiveCfg = Release|Any CPU
		{20E4EDCE-030D-436C-BA66-A438D0938873}.Ad-Hoc|Any CPU.Build.0 = Release|Any CPU
		{20E4EDCE-030D-436C-BA66-A438D0938873}.Ad-Hoc|Any CPU.Deploy.0 = Release|Any CPU
		{20E4EDCE-030D-436C-BA66-A438D0938873}.Ad-Hoc|ARM.ActiveCfg = Release|ARM
		{20E4EDCE-030D-436C-BA66-A438D0938873}.Ad-Hoc|ARM.Build.0 = Release|ARM
		{20E4EDCE-030D-436C-BA66-A438D0938873}.Ad-Hoc|ARM.Deploy.0 = Release|ARM
		{20E4EDCE-030D-436C-BA66-A438D0938873}.Ad-Hoc|iPhone.ActiveCfg = Release|Any CPU
		{20E4EDCE-030D-436C-BA66-A438D0938873}.Ad-Hoc|iPhone.Build.0 = Release|Any CPU
		{20E4EDCE-030D-436C-BA66-A438D0938873}.Ad-Hoc|iPhone.Deploy.0 = Release|Any CPU
		{20E4EDCE-030D-436C-BA66-A438D0938873}.Ad-Hoc|iPhoneSimulator.ActiveCfg = Release|Any CPU
		{20E4EDCE-030D-436C-BA66-A438D0938873}.Ad-Hoc|iPhoneSimulator.Build.0 = Release|Any CPU
		{20E4EDCE-030D-436C-BA66-A438D0938873}.Ad-Hoc|iPhoneSimulator.Deploy.0 = Release|Any CPU
		{20E4EDCE-030D-436C-BA66-A438D0938873}.Ad-Hoc|x64.ActiveCfg = Release|Any CPU
		{20E4EDCE-030D-436C-BA66-A438D0938873}.Ad-Hoc|x64.Build.0 = Release|Any CPU
		{20E4EDCE-030D-436C-BA66-A438D0938873}.Ad-Hoc|x64.Deploy.0 = Release|Any CPU
		{20E4EDCE-030D-436C-BA66-A438D0938873}.Ad-Hoc|x86.ActiveCfg = Release|x86
		{20E4EDCE-030D-436C-BA66-A438D0938873}.Ad-Hoc|x86.Build.0 = Release|x86
		{20E4EDCE-030D-436C-BA66-A438D0938873}.Ad-Hoc|x86.Deploy.0 = Release|x86
		{20E4EDCE-030D-436C-BA66-A438D0938873}.AppStore|Any CPU.ActiveCfg = Release|Any CPU
		{20E4EDCE-030D-436C-BA66-A438D0938873}.AppStore|Any CPU.Build.0 = Release|Any CPU
		{20E4EDCE-030D-436C-BA66-A438D0938873}.AppStore|Any CPU.Deploy.0 = Release|Any CPU
		{20E4EDCE-030D-436C-BA66-A438D0938873}.AppStore|ARM.ActiveCfg = Release|ARM
		{20E4EDCE-030D-436C-BA66-A438D0938873}.AppStore|ARM.Build.0 = Release|ARM
		{20E4EDCE-030D-436C-BA66-A438D0938873}.AppStore|ARM.Deploy.0 = Release|ARM
		{20E4EDCE-030D-436C-BA66-A438D0938873}.AppStore|iPhone.ActiveCfg = Release|Any CPU
		{20E4EDCE-030D-436C-BA66-A438D0938873}.AppStore|iPhone.Build.0 = Release|Any CPU
		{20E4EDCE-030D-436C-BA66-A438D0938873}.AppStore|iPhone.Deploy.0 = Release|Any CPU
		{20E4EDCE-030D-436C-BA66-A438D0938873}.AppStore|iPhoneSimulator.ActiveCfg = Release|Any CPU
		{20E4EDCE-030D-436C-BA66-A438D0938873}.AppStore|iPhoneSimulator.Build.0 = Release|Any CPU
		{20E4EDCE-030D-436C-BA66-A438D0938873}.AppStore|iPhoneSimulator.Deploy.0 = Release|Any CPU
		{20E4EDCE-030D-436C-BA66-A438D0938873}.AppStore|x64.ActiveCfg = Release|Any CPU
		{20E4EDCE-030D-436C-BA66-A438D0938873}.AppStore|x64.Build.0 = Release|Any CPU
		{20E4EDCE-030D-436C-BA66-A438D0938873}.AppStore|x64.Deploy.0 = Release|Any CPU
		{20E4EDCE-030D-436C-BA66-A438D0938873}.AppStore|x86.ActiveCfg = Release|x86
		{20E4EDCE-030D-436C-BA66-A438D0938873}.AppStore|x86.Build.0 = Release|x86
		{20E4EDCE-030D-436C-BA66-A438D0938873}.AppStore|x86.Deploy.0 = Release|x86
		{20E4EDCE-030D-436C-BA66-A438D0938873}.Debug|Any CPU.ActiveCfg = Debug|Any CPU
		{20E4EDCE-030D-436C-BA66-A438D0938873}.Debug|Any CPU.Build.0 = Debug|Any CPU
		{20E4EDCE-030D-436C-BA66-A438D0938873}.Debug|Any CPU.Deploy.0 = Debug|Any CPU
		{20E4EDCE-030D-436C-BA66-A438D0938873}.Debug|ARM.ActiveCfg = Debug|ARM
		{20E4EDCE-030D-436C-BA66-A438D0938873}.Debug|ARM.Build.0 = Debug|ARM
		{20E4EDCE-030D-436C-BA66-A438D0938873}.Debug|ARM.Deploy.0 = Debug|ARM
		{20E4EDCE-030D-436C-BA66-A438D0938873}.Debug|iPhone.ActiveCfg = Debug|Any CPU
		{20E4EDCE-030D-436C-BA66-A438D0938873}.Debug|iPhone.Build.0 = Debug|Any CPU
		{20E4EDCE-030D-436C-BA66-A438D0938873}.Debug|iPhone.Deploy.0 = Debug|Any CPU
		{20E4EDCE-030D-436C-BA66-A438D0938873}.Debug|iPhoneSimulator.ActiveCfg = Debug|Any CPU
		{20E4EDCE-030D-436C-BA66-A438D0938873}.Debug|iPhoneSimulator.Build.0 = Debug|Any CPU
		{20E4EDCE-030D-436C-BA66-A438D0938873}.Debug|iPhoneSimulator.Deploy.0 = Debug|Any CPU
		{20E4EDCE-030D-436C-BA66-A438D0938873}.Debug|x64.ActiveCfg = Debug|Any CPU
		{20E4EDCE-030D-436C-BA66-A438D0938873}.Debug|x64.Build.0 = Debug|Any CPU
		{20E4EDCE-030D-436C-BA66-A438D0938873}.Debug|x64.Deploy.0 = Debug|Any CPU
		{20E4EDCE-030D-436C-BA66-A438D0938873}.Debug|x86.ActiveCfg = Debug|x86
		{20E4EDCE-030D-436C-BA66-A438D0938873}.Debug|x86.Build.0 = Debug|x86
		{20E4EDCE-030D-436C-BA66-A438D0938873}.Debug|x86.Deploy.0 = Debug|x86
		{20E4EDCE-030D-436C-BA66-A438D0938873}.Release|Any CPU.ActiveCfg = Release|Any CPU
		{20E4EDCE-030D-436C-BA66-A438D0938873}.Release|Any CPU.Build.0 = Release|Any CPU
		{20E4EDCE-030D-436C-BA66-A438D0938873}.Release|Any CPU.Deploy.0 = Release|Any CPU
		{20E4EDCE-030D-436C-BA66-A438D0938873}.Release|ARM.ActiveCfg = Release|ARM
		{20E4EDCE-030D-436C-BA66-A438D0938873}.Release|ARM.Build.0 = Release|ARM
		{20E4EDCE-030D-436C-BA66-A438D0938873}.Release|ARM.Deploy.0 = Release|ARM
		{20E4EDCE-030D-436C-BA66-A438D0938873}.Release|iPhone.ActiveCfg = Release|Any CPU
		{20E4EDCE-030D-436C-BA66-A438D0938873}.Release|iPhone.Build.0 = Release|Any CPU
		{20E4EDCE-030D-436C-BA66-A438D0938873}.Release|iPhone.Deploy.0 = Release|Any CPU
		{20E4EDCE-030D-436C-BA66-A438D0938873}.Release|iPhoneSimulator.ActiveCfg = Release|Any CPU
		{20E4EDCE-030D-436C-BA66-A438D0938873}.Release|iPhoneSimulator.Build.0 = Release|Any CPU
		{20E4EDCE-030D-436C-BA66-A438D0938873}.Release|iPhoneSimulator.Deploy.0 = Release|Any CPU
		{20E4EDCE-030D-436C-BA66-A438D0938873}.Release|x64.ActiveCfg = Release|Any CPU
		{20E4EDCE-030D-436C-BA66-A438D0938873}.Release|x64.Build.0 = Release|Any CPU
		{20E4EDCE-030D-436C-BA66-A438D0938873}.Release|x64.Deploy.0 = Release|Any CPU
		{20E4EDCE-030D-436C-BA66-A438D0938873}.Release|x86.ActiveCfg = Release|x86
		{20E4EDCE-030D-436C-BA66-A438D0938873}.Release|x86.Build.0 = Release|x86
		{20E4EDCE-030D-436C-BA66-A438D0938873}.Release|x86.Deploy.0 = Release|x86
		{25F3A4AC-D82A-4C25-8D2E-BCF56FB348FD}.Ad-Hoc|Any CPU.ActiveCfg = Release|Any CPU
		{25F3A4AC-D82A-4C25-8D2E-BCF56FB348FD}.Ad-Hoc|Any CPU.Build.0 = Release|Any CPU
		{25F3A4AC-D82A-4C25-8D2E-BCF56FB348FD}.Ad-Hoc|Any CPU.Deploy.0 = Release|Any CPU
		{25F3A4AC-D82A-4C25-8D2E-BCF56FB348FD}.Ad-Hoc|ARM.ActiveCfg = Release|ARM
		{25F3A4AC-D82A-4C25-8D2E-BCF56FB348FD}.Ad-Hoc|ARM.Build.0 = Release|ARM
		{25F3A4AC-D82A-4C25-8D2E-BCF56FB348FD}.Ad-Hoc|ARM.Deploy.0 = Release|ARM
		{25F3A4AC-D82A-4C25-8D2E-BCF56FB348FD}.Ad-Hoc|iPhone.ActiveCfg = Release|Any CPU
		{25F3A4AC-D82A-4C25-8D2E-BCF56FB348FD}.Ad-Hoc|iPhone.Build.0 = Release|Any CPU
		{25F3A4AC-D82A-4C25-8D2E-BCF56FB348FD}.Ad-Hoc|iPhone.Deploy.0 = Release|Any CPU
		{25F3A4AC-D82A-4C25-8D2E-BCF56FB348FD}.Ad-Hoc|iPhoneSimulator.ActiveCfg = Release|Any CPU
		{25F3A4AC-D82A-4C25-8D2E-BCF56FB348FD}.Ad-Hoc|iPhoneSimulator.Build.0 = Release|Any CPU
		{25F3A4AC-D82A-4C25-8D2E-BCF56FB348FD}.Ad-Hoc|iPhoneSimulator.Deploy.0 = Release|Any CPU
		{25F3A4AC-D82A-4C25-8D2E-BCF56FB348FD}.Ad-Hoc|x64.ActiveCfg = Release|x64
		{25F3A4AC-D82A-4C25-8D2E-BCF56FB348FD}.Ad-Hoc|x64.Build.0 = Release|x64
		{25F3A4AC-D82A-4C25-8D2E-BCF56FB348FD}.Ad-Hoc|x64.Deploy.0 = Release|x64
		{25F3A4AC-D82A-4C25-8D2E-BCF56FB348FD}.Ad-Hoc|x86.ActiveCfg = Release|x86
		{25F3A4AC-D82A-4C25-8D2E-BCF56FB348FD}.Ad-Hoc|x86.Build.0 = Release|x86
		{25F3A4AC-D82A-4C25-8D2E-BCF56FB348FD}.Ad-Hoc|x86.Deploy.0 = Release|x86
		{25F3A4AC-D82A-4C25-8D2E-BCF56FB348FD}.AppStore|Any CPU.ActiveCfg = Release|Any CPU
		{25F3A4AC-D82A-4C25-8D2E-BCF56FB348FD}.AppStore|Any CPU.Build.0 = Release|Any CPU
		{25F3A4AC-D82A-4C25-8D2E-BCF56FB348FD}.AppStore|Any CPU.Deploy.0 = Release|Any CPU
		{25F3A4AC-D82A-4C25-8D2E-BCF56FB348FD}.AppStore|ARM.ActiveCfg = Release|ARM
		{25F3A4AC-D82A-4C25-8D2E-BCF56FB348FD}.AppStore|ARM.Build.0 = Release|ARM
		{25F3A4AC-D82A-4C25-8D2E-BCF56FB348FD}.AppStore|ARM.Deploy.0 = Release|ARM
		{25F3A4AC-D82A-4C25-8D2E-BCF56FB348FD}.AppStore|iPhone.ActiveCfg = Release|Any CPU
		{25F3A4AC-D82A-4C25-8D2E-BCF56FB348FD}.AppStore|iPhone.Build.0 = Release|Any CPU
		{25F3A4AC-D82A-4C25-8D2E-BCF56FB348FD}.AppStore|iPhone.Deploy.0 = Release|Any CPU
		{25F3A4AC-D82A-4C25-8D2E-BCF56FB348FD}.AppStore|iPhoneSimulator.ActiveCfg = Release|Any CPU
		{25F3A4AC-D82A-4C25-8D2E-BCF56FB348FD}.AppStore|iPhoneSimulator.Build.0 = Release|Any CPU
		{25F3A4AC-D82A-4C25-8D2E-BCF56FB348FD}.AppStore|iPhoneSimulator.Deploy.0 = Release|Any CPU
		{25F3A4AC-D82A-4C25-8D2E-BCF56FB348FD}.AppStore|x64.ActiveCfg = Release|x64
		{25F3A4AC-D82A-4C25-8D2E-BCF56FB348FD}.AppStore|x64.Build.0 = Release|x64
		{25F3A4AC-D82A-4C25-8D2E-BCF56FB348FD}.AppStore|x64.Deploy.0 = Release|x64
		{25F3A4AC-D82A-4C25-8D2E-BCF56FB348FD}.AppStore|x86.ActiveCfg = Release|x86
		{25F3A4AC-D82A-4C25-8D2E-BCF56FB348FD}.AppStore|x86.Build.0 = Release|x86
		{25F3A4AC-D82A-4C25-8D2E-BCF56FB348FD}.AppStore|x86.Deploy.0 = Release|x86
		{25F3A4AC-D82A-4C25-8D2E-BCF56FB348FD}.Debug|Any CPU.ActiveCfg = Debug|Any CPU
		{25F3A4AC-D82A-4C25-8D2E-BCF56FB348FD}.Debug|Any CPU.Build.0 = Debug|Any CPU
		{25F3A4AC-D82A-4C25-8D2E-BCF56FB348FD}.Debug|Any CPU.Deploy.0 = Debug|Any CPU
		{25F3A4AC-D82A-4C25-8D2E-BCF56FB348FD}.Debug|ARM.ActiveCfg = Debug|ARM
		{25F3A4AC-D82A-4C25-8D2E-BCF56FB348FD}.Debug|ARM.Build.0 = Debug|ARM
		{25F3A4AC-D82A-4C25-8D2E-BCF56FB348FD}.Debug|ARM.Deploy.0 = Debug|ARM
		{25F3A4AC-D82A-4C25-8D2E-BCF56FB348FD}.Debug|iPhone.ActiveCfg = Debug|Any CPU
		{25F3A4AC-D82A-4C25-8D2E-BCF56FB348FD}.Debug|iPhone.Build.0 = Debug|Any CPU
		{25F3A4AC-D82A-4C25-8D2E-BCF56FB348FD}.Debug|iPhone.Deploy.0 = Debug|Any CPU
		{25F3A4AC-D82A-4C25-8D2E-BCF56FB348FD}.Debug|iPhoneSimulator.ActiveCfg = Debug|Any CPU
		{25F3A4AC-D82A-4C25-8D2E-BCF56FB348FD}.Debug|iPhoneSimulator.Build.0 = Debug|Any CPU
		{25F3A4AC-D82A-4C25-8D2E-BCF56FB348FD}.Debug|iPhoneSimulator.Deploy.0 = Debug|Any CPU
		{25F3A4AC-D82A-4C25-8D2E-BCF56FB348FD}.Debug|x64.ActiveCfg = Debug|x64
		{25F3A4AC-D82A-4C25-8D2E-BCF56FB348FD}.Debug|x64.Build.0 = Debug|x64
		{25F3A4AC-D82A-4C25-8D2E-BCF56FB348FD}.Debug|x64.Deploy.0 = Debug|x64
		{25F3A4AC-D82A-4C25-8D2E-BCF56FB348FD}.Debug|x86.ActiveCfg = Debug|x86
		{25F3A4AC-D82A-4C25-8D2E-BCF56FB348FD}.Debug|x86.Build.0 = Debug|x86
		{25F3A4AC-D82A-4C25-8D2E-BCF56FB348FD}.Debug|x86.Deploy.0 = Debug|x86
		{25F3A4AC-D82A-4C25-8D2E-BCF56FB348FD}.Release|Any CPU.ActiveCfg = Release|Any CPU
		{25F3A4AC-D82A-4C25-8D2E-BCF56FB348FD}.Release|Any CPU.Build.0 = Release|Any CPU
		{25F3A4AC-D82A-4C25-8D2E-BCF56FB348FD}.Release|Any CPU.Deploy.0 = Release|Any CPU
		{25F3A4AC-D82A-4C25-8D2E-BCF56FB348FD}.Release|ARM.ActiveCfg = Release|ARM
		{25F3A4AC-D82A-4C25-8D2E-BCF56FB348FD}.Release|ARM.Build.0 = Release|ARM
		{25F3A4AC-D82A-4C25-8D2E-BCF56FB348FD}.Release|ARM.Deploy.0 = Release|ARM
		{25F3A4AC-D82A-4C25-8D2E-BCF56FB348FD}.Release|iPhone.ActiveCfg = Release|Any CPU
		{25F3A4AC-D82A-4C25-8D2E-BCF56FB348FD}.Release|iPhone.Build.0 = Release|Any CPU
		{25F3A4AC-D82A-4C25-8D2E-BCF56FB348FD}.Release|iPhone.Deploy.0 = Release|Any CPU
		{25F3A4AC-D82A-4C25-8D2E-BCF56FB348FD}.Release|iPhoneSimulator.ActiveCfg = Release|Any CPU
		{25F3A4AC-D82A-4C25-8D2E-BCF56FB348FD}.Release|iPhoneSimulator.Build.0 = Release|Any CPU
		{25F3A4AC-D82A-4C25-8D2E-BCF56FB348FD}.Release|iPhoneSimulator.Deploy.0 = Release|Any CPU
		{25F3A4AC-D82A-4C25-8D2E-BCF56FB348FD}.Release|x64.ActiveCfg = Release|x64
		{25F3A4AC-D82A-4C25-8D2E-BCF56FB348FD}.Release|x64.Build.0 = Release|x64
		{25F3A4AC-D82A-4C25-8D2E-BCF56FB348FD}.Release|x64.Deploy.0 = Release|x64
		{25F3A4AC-D82A-4C25-8D2E-BCF56FB348FD}.Release|x86.ActiveCfg = Release|x86
		{25F3A4AC-D82A-4C25-8D2E-BCF56FB348FD}.Release|x86.Build.0 = Release|x86
		{25F3A4AC-D82A-4C25-8D2E-BCF56FB348FD}.Release|x86.Deploy.0 = Release|x86
	EndGlobalSection
	GlobalSection(SolutionProperties) = preSolution
		HideSolutionNode = FALSE
	EndGlobalSection
EndGlobal
